
Microsoft Visual Studio Solution File, Format Version 12.00
# Visual Studio Version 16
VisualStudioVersion = 16.0.29905.134
MinimumVisualStudioVersion = 10.0.40219.1
Project("{FAE04EC0-301F-11D3-BF4B-00C04F79EFBC}") = "R1.Automation.UI.core", "R1.Automation.UI.core\R1.Automation.UI.core.csproj", "{CACB598E-F5FD-44A8-9D9C-24DCF1C26649}"
EndProject
Global
	GlobalSection(SolutionConfigurationPlatforms) = preSolution
		Debug|Any CPU = Debug|Any CPU
		Release|Any CPU = Release|Any CPU
	EndGlobalSection
	GlobalSection(ProjectConfigurationPlatforms) = postSolution
		{CACB598E-F5FD-44A8-9D9C-24DCF1C26649}.Debug|Any CPU.ActiveCfg = Debug|Any CPU
		{CACB598E-F5FD-44A8-9D9C-24DCF1C26649}.Debug|Any CPU.Build.0 = Debug|Any CPU
		{CACB598E-F5FD-44A8-9D9C-24DCF1C26649}.Release|Any CPU.ActiveCfg = Release|Any CPU
		{CACB598E-F5FD-44A8-9D9C-24DCF1C26649}.Release|Any CPU.Build.0 = Release|Any CPU
	EndGlobalSection
	GlobalSection(SolutionProperties) = preSolution
		HideSolutionNode = FALSE
	EndGlobalSection
	GlobalSection(ExtensibilityGlobals) = postSolution
		SolutionGuid = {0530B92A-453C-43D2-A14A-A4E8AE60E44F}
	EndGlobalSection
EndGlobal
